
Microsoft Visual Studio Solution File, Format Version 12.00
# Visual Studio Version 17
VisualStudioVersion = 17.9.34518.117
MinimumVisualStudioVersion = 10.0.40219.1
Project("{9A19103F-16F7-4668-BE54-9A1E7A4F7556}") = "Tarea semana 2", "Tarea semana 2.csproj", "{5D0363DE-06A6-4CBE-9EEA-367C0CBE2835}"
EndProject
Global
	GlobalSection(SolutionConfigurationPlatforms) = preSolution
		Debug|Any CPU = Debug|Any CPU
		Release|Any CPU = Release|Any CPU
	EndGlobalSection
	GlobalSection(ProjectConfigurationPlatforms) = postSolution
		{5D0363DE-06A6-4CBE-9EEA-367C0CBE2835}.Debug|Any CPU.ActiveCfg = Debug|Any CPU
		{5D0363DE-06A6-4CBE-9EEA-367C0CBE2835}.Debug|Any CPU.Build.0 = Debug|Any CPU
		{5D0363DE-06A6-4CBE-9EEA-367C0CBE2835}.Release|Any CPU.ActiveCfg = Release|Any CPU
		{5D0363DE-06A6-4CBE-9EEA-367C0CBE2835}.Release|Any CPU.Build.0 = Release|Any CPU
	EndGlobalSection
	GlobalSection(SolutionProperties) = preSolution
		HideSolutionNode = FALSE
	EndGlobalSection
	GlobalSection(ExtensibilityGlobals) = postSolution
		SolutionGuid = {867DC22B-8D1A-41CF-86F6-F8B3CB61263B}
	EndGlobalSection
EndGlobal
